// !$*UTF8*$!
{
	archiveVersion = 1;
	classes = {
	};
	objectVersion = 77;
	objects = {

/* Begin PBXBuildFile section */
		E32EA2FD2D56E4A7002889F5 /* LinkStrippa MessagesExtension.appex in Embed Foundation Extensions */ = {isa = PBXBuildFile; fileRef = E32EA2FC2D56E4A7002889F5 /* LinkStrippa MessagesExtension.appex */; settings = {ATTRIBUTES = (RemoveHeadersOnCopy, ); }; };
		E32EA3022D56E4A7002889F5 /* Messages.framework in Frameworks */ = {isa = PBXBuildFile; fileRef = E32EA3012D56E4A7002889F5 /* Messages.framework */; };
		E3FA17BE2DAAF1B600F3C01F /* LinkStrippa_Common.framework in Frameworks */ = {isa = PBXBuildFile; fileRef = E3FA17B42DAAF1B600F3C01F /* LinkStrippa_Common.framework */; };
		E3FA17C72DAAF1B600F3C01F /* LinkStrippa_Common.framework in Frameworks */ = {isa = PBXBuildFile; fileRef = E3FA17B42DAAF1B600F3C01F /* LinkStrippa_Common.framework */; };
		E3FA17C82DAAF1B600F3C01F /* LinkStrippa_Common.framework in Embed Frameworks */ = {isa = PBXBuildFile; fileRef = E3FA17B42DAAF1B600F3C01F /* LinkStrippa_Common.framework */; settings = {ATTRIBUTES = (CodeSignOnCopy, RemoveHeadersOnCopy, ); }; };
		E3FA17DB2DAAF34600F3C01F /* LinkStrippa_Common.framework in Frameworks */ = {isa = PBXBuildFile; fileRef = E3FA17B42DAAF1B600F3C01F /* LinkStrippa_Common.framework */; };
		E3FA17DC2DAAF34600F3C01F /* LinkStrippa_Common.framework in Embed Frameworks */ = {isa = PBXBuildFile; fileRef = E3FA17B42DAAF1B600F3C01F /* LinkStrippa_Common.framework */; settings = {ATTRIBUTES = (CodeSignOnCopy, RemoveHeadersOnCopy, ); }; };
		E3FA17E02DAAF39900F3C01F /* LinkStrippa_Common.framework in Frameworks */ = {isa = PBXBuildFile; fileRef = E3FA17B42DAAF1B600F3C01F /* LinkStrippa_Common.framework */; };
		E3FA17E12DAAF39900F3C01F /* LinkStrippa_Common.framework in Embed Frameworks */ = {isa = PBXBuildFile; fileRef = E3FA17B42DAAF1B600F3C01F /* LinkStrippa_Common.framework */; settings = {ATTRIBUTES = (CodeSignOnCopy, RemoveHeadersOnCopy, ); }; };
/* End PBXBuildFile section */

/* Begin PBXContainerItemProxy section */
		E32EA2FE2D56E4A7002889F5 /* PBXContainerItemProxy */ = {
			isa = PBXContainerItemProxy;
			containerPortal = E32EA2ED2D56E4A2002889F5 /* Project object */;
			proxyType = 1;
			remoteGlobalIDString = E32EA2FB2D56E4A7002889F5;
			remoteInfo = "LinkStrippa MessagesExtension";
		};
		E3FA178A2DAAEBFF00F3C01F /* PBXContainerItemProxy */ = {
			isa = PBXContainerItemProxy;
			containerPortal = E32EA2ED2D56E4A2002889F5 /* Project object */;
			proxyType = 1;
			remoteGlobalIDString = E3FA17732DAAEBFD00F3C01F;
			remoteInfo = "LinkStrippa App";
		};
		E3FA17942DAAEBFF00F3C01F /* PBXContainerItemProxy */ = {
			isa = PBXContainerItemProxy;
			containerPortal = E32EA2ED2D56E4A2002889F5 /* Project object */;
			proxyType = 1;
			remoteGlobalIDString = E3FA17732DAAEBFD00F3C01F;
			remoteInfo = "LinkStrippa App";
		};
		E3FA17BF2DAAF1B600F3C01F /* PBXContainerItemProxy */ = {
			isa = PBXContainerItemProxy;
			containerPortal = E32EA2ED2D56E4A2002889F5 /* Project object */;
			proxyType = 1;
			remoteGlobalIDString = E3FA17B32DAAF1B600F3C01F;
			remoteInfo = "LinkStrippa Common";
		};
		E3FA17C52DAAF1B600F3C01F /* PBXContainerItemProxy */ = {
			isa = PBXContainerItemProxy;
			containerPortal = E32EA2ED2D56E4A2002889F5 /* Project object */;
			proxyType = 1;
			remoteGlobalIDString = E3FA17B32DAAF1B600F3C01F;
			remoteInfo = "LinkStrippa Common";
		};
		E3FA17DD2DAAF34600F3C01F /* PBXContainerItemProxy */ = {
			isa = PBXContainerItemProxy;
			containerPortal = E32EA2ED2D56E4A2002889F5 /* Project object */;
			proxyType = 1;
			remoteGlobalIDString = E3FA17B32DAAF1B600F3C01F;
			remoteInfo = "LinkStrippa Common";
		};
		E3FA17E22DAAF39900F3C01F /* PBXContainerItemProxy */ = {
			isa = PBXContainerItemProxy;
			containerPortal = E32EA2ED2D56E4A2002889F5 /* Project object */;
			proxyType = 1;
			remoteGlobalIDString = E3FA17B32DAAF1B600F3C01F;
			remoteInfo = "LinkStrippa Common";
		};
/* End PBXContainerItemProxy section */

/* Begin PBXCopyFilesBuildPhase section */
		E32EA3122D56E4A9002889F5 /* Embed Foundation Extensions */ = {
			isa = PBXCopyFilesBuildPhase;
			buildActionMask = 2147483647;
			dstPath = "";
			dstSubfolderSpec = 13;
			files = (
				E32EA2FD2D56E4A7002889F5 /* LinkStrippa MessagesExtension.appex in Embed Foundation Extensions */,
			);
			name = "Embed Foundation Extensions";
			runOnlyForDeploymentPostprocessing = 0;
		};
		E3FA17CE2DAAF1B600F3C01F /* Embed Frameworks */ = {
			isa = PBXCopyFilesBuildPhase;
			buildActionMask = 2147483647;
			dstPath = "";
			dstSubfolderSpec = 10;
			files = (
				E3FA17C82DAAF1B600F3C01F /* LinkStrippa_Common.framework in Embed Frameworks */,
			);
			name = "Embed Frameworks";
			runOnlyForDeploymentPostprocessing = 0;
		};
		E3FA17DF2DAAF34700F3C01F /* Embed Frameworks */ = {
			isa = PBXCopyFilesBuildPhase;
			buildActionMask = 2147483647;
			dstPath = "";
			dstSubfolderSpec = 10;
			files = (
				E3FA17DC2DAAF34600F3C01F /* LinkStrippa_Common.framework in Embed Frameworks */,
			);
			name = "Embed Frameworks";
			runOnlyForDeploymentPostprocessing = 0;
		};
		E3FA17E42DAAF39900F3C01F /* Embed Frameworks */ = {
			isa = PBXCopyFilesBuildPhase;
			buildActionMask = 2147483647;
			dstPath = "";
			dstSubfolderSpec = 10;
			files = (
				E3FA17E12DAAF39900F3C01F /* LinkStrippa_Common.framework in Embed Frameworks */,
			);
			name = "Embed Frameworks";
			runOnlyForDeploymentPostprocessing = 0;
		};
/* End PBXCopyFilesBuildPhase section */

/* Begin PBXFileReference section */
		E32EA2F32D56E4A2002889F5 /* LinkStrippa.app */ = {isa = PBXFileReference; explicitFileType = wrapper.application; includeInIndex = 0; path = LinkStrippa.app; sourceTree = BUILT_PRODUCTS_DIR; };
		E32EA2FC2D56E4A7002889F5 /* LinkStrippa MessagesExtension.appex */ = {isa = PBXFileReference; explicitFileType = "wrapper.app-extension"; includeInIndex = 0; path = "LinkStrippa MessagesExtension.appex"; sourceTree = BUILT_PRODUCTS_DIR; };
		E32EA3012D56E4A7002889F5 /* Messages.framework */ = {isa = PBXFileReference; lastKnownFileType = wrapper.framework; name = Messages.framework; path = System/Library/Frameworks/Messages.framework; sourceTree = SDKROOT; };
		E3FA17742DAAEBFD00F3C01F /* LinkStrippa App.app */ = {isa = PBXFileReference; explicitFileType = wrapper.application; includeInIndex = 0; path = "LinkStrippa App.app"; sourceTree = BUILT_PRODUCTS_DIR; };
		E3FA17892DAAEBFF00F3C01F /* LinkStrippa AppTests.xctest */ = {isa = PBXFileReference; explicitFileType = wrapper.cfbundle; includeInIndex = 0; path = "LinkStrippa AppTests.xctest"; sourceTree = BUILT_PRODUCTS_DIR; };
		E3FA17932DAAEBFF00F3C01F /* LinkStrippa AppUITests.xctest */ = {isa = PBXFileReference; explicitFileType = wrapper.cfbundle; includeInIndex = 0; path = "LinkStrippa AppUITests.xctest"; sourceTree = BUILT_PRODUCTS_DIR; };
		E3FA17B42DAAF1B600F3C01F /* LinkStrippa_Common.framework */ = {isa = PBXFileReference; explicitFileType = wrapper.framework; includeInIndex = 0; path = LinkStrippa_Common.framework; sourceTree = BUILT_PRODUCTS_DIR; };
		E3FA17BD2DAAF1B600F3C01F /* LinkStrippa CommonTests.xctest */ = {isa = PBXFileReference; explicitFileType = wrapper.cfbundle; includeInIndex = 0; path = "LinkStrippa CommonTests.xctest"; sourceTree = BUILT_PRODUCTS_DIR; };
/* End PBXFileReference section */

/* Begin PBXFileSystemSynchronizedBuildFileExceptionSet section */
		E32EA30C2D56E4A9002889F5 /* Exceptions for "LinkStrippa MessagesExtension" folder in "LinkStrippa MessagesExtension" target */ = {
			isa = PBXFileSystemSynchronizedBuildFileExceptionSet;
			membershipExceptions = (
				Info.plist,
			);
			target = E32EA2FB2D56E4A7002889F5 /* LinkStrippa MessagesExtension */;
		};
		E3FA179B2DAAEBFF00F3C01F /* Exceptions for "LinkStrippa App" folder in "LinkStrippa App" target */ = {
			isa = PBXFileSystemSynchronizedBuildFileExceptionSet;
			membershipExceptions = (
				Info.plist,
			);
			target = E3FA17732DAAEBFD00F3C01F /* LinkStrippa App */;
		};
		E3FA17C92DAAF1B600F3C01F /* Exceptions for "LinkStrippa Common" folder in "LinkStrippa Common" target */ = {
			isa = PBXFileSystemSynchronizedBuildFileExceptionSet;
			publicHeaders = (
				LinkStrippa_Common.h,
			);
			target = E3FA17B32DAAF1B600F3C01F /* LinkStrippa Common */;
		};
/* End PBXFileSystemSynchronizedBuildFileExceptionSet section */

/* Begin PBXFileSystemSynchronizedRootGroup section */
		E32EA2F52D56E4A2002889F5 /* LinkStrippa */ = {
			isa = PBXFileSystemSynchronizedRootGroup;
			path = LinkStrippa;
			sourceTree = "<group>";
		};
		E32EA3032D56E4A7002889F5 /* LinkStrippa MessagesExtension */ = {
			isa = PBXFileSystemSynchronizedRootGroup;
			exceptions = (
				E32EA30C2D56E4A9002889F5 /* Exceptions for "LinkStrippa MessagesExtension" folder in "LinkStrippa MessagesExtension" target */,
			);
			path = "LinkStrippa MessagesExtension";
			sourceTree = "<group>";
		};
		E3FA17752DAAEBFD00F3C01F /* LinkStrippa App */ = {
			isa = PBXFileSystemSynchronizedRootGroup;
			exceptions = (
				E3FA179B2DAAEBFF00F3C01F /* Exceptions for "LinkStrippa App" folder in "LinkStrippa App" target */,
			);
			path = "LinkStrippa App";
			sourceTree = "<group>";
		};
		E3FA178C2DAAEBFF00F3C01F /* LinkStrippa AppTests */ = {
			isa = PBXFileSystemSynchronizedRootGroup;
			path = "LinkStrippa AppTests";
			sourceTree = "<group>";
		};
		E3FA17962DAAEBFF00F3C01F /* LinkStrippa AppUITests */ = {
			isa = PBXFileSystemSynchronizedRootGroup;
			path = "LinkStrippa AppUITests";
			sourceTree = "<group>";
		};
		E3FA17B52DAAF1B600F3C01F /* LinkStrippa Common */ = {
			isa = PBXFileSystemSynchronizedRootGroup;
			exceptions = (
				E3FA17C92DAAF1B600F3C01F /* Exceptions for "LinkStrippa Common" folder in "LinkStrippa Common" target */,
			);
			path = "LinkStrippa Common";
			sourceTree = "<group>";
		};
		E3FA17C12DAAF1B600F3C01F /* LinkStrippa CommonTests */ = {
			isa = PBXFileSystemSynchronizedRootGroup;
			path = "LinkStrippa CommonTests";
			sourceTree = "<group>";
		};
/* End PBXFileSystemSynchronizedRootGroup section */

/* Begin PBXFrameworksBuildPhase section */
		E32EA2F92D56E4A7002889F5 /* Frameworks */ = {
			isa = PBXFrameworksBuildPhase;
			buildActionMask = 2147483647;
			files = (
				E32EA3022D56E4A7002889F5 /* Messages.framework in Frameworks */,
				E3FA17DB2DAAF34600F3C01F /* LinkStrippa_Common.framework in Frameworks */,
			);
			runOnlyForDeploymentPostprocessing = 0;
		};
		E3FA17712DAAEBFD00F3C01F /* Frameworks */ = {
			isa = PBXFrameworksBuildPhase;
			buildActionMask = 2147483647;
			files = (
				E3FA17E02DAAF39900F3C01F /* LinkStrippa_Common.framework in Frameworks */,
			);
			runOnlyForDeploymentPostprocessing = 0;
		};
		E3FA17862DAAEBFF00F3C01F /* Frameworks */ = {
			isa = PBXFrameworksBuildPhase;
			buildActionMask = 2147483647;
			files = (
			);
			runOnlyForDeploymentPostprocessing = 0;
		};
		E3FA17902DAAEBFF00F3C01F /* Frameworks */ = {
			isa = PBXFrameworksBuildPhase;
			buildActionMask = 2147483647;
			files = (
			);
			runOnlyForDeploymentPostprocessing = 0;
		};
		E3FA17B12DAAF1B600F3C01F /* Frameworks */ = {
			isa = PBXFrameworksBuildPhase;
			buildActionMask = 2147483647;
			files = (
			);
			runOnlyForDeploymentPostprocessing = 0;
		};
		E3FA17BA2DAAF1B600F3C01F /* Frameworks */ = {
			isa = PBXFrameworksBuildPhase;
			buildActionMask = 2147483647;
			files = (
				E3FA17BE2DAAF1B600F3C01F /* LinkStrippa_Common.framework in Frameworks */,
			);
			runOnlyForDeploymentPostprocessing = 0;
		};
		E3FA17CD2DAAF1B600F3C01F /* Frameworks */ = {
			isa = PBXFrameworksBuildPhase;
			buildActionMask = 2147483647;
			files = (
				E3FA17C72DAAF1B600F3C01F /* LinkStrippa_Common.framework in Frameworks */,
			);
			runOnlyForDeploymentPostprocessing = 0;
		};
/* End PBXFrameworksBuildPhase section */

/* Begin PBXGroup section */
		E32EA2EC2D56E4A2002889F5 = {
			isa = PBXGroup;
			children = (
				E32EA2F52D56E4A2002889F5 /* LinkStrippa */,
				E32EA3032D56E4A7002889F5 /* LinkStrippa MessagesExtension */,
				E3FA17752DAAEBFD00F3C01F /* LinkStrippa App */,
				E3FA178C2DAAEBFF00F3C01F /* LinkStrippa AppTests */,
				E3FA17962DAAEBFF00F3C01F /* LinkStrippa AppUITests */,
				E3FA17B52DAAF1B600F3C01F /* LinkStrippa Common */,
				E3FA17C12DAAF1B600F3C01F /* LinkStrippa CommonTests */,
				E32EA3002D56E4A7002889F5 /* Frameworks */,
				E32EA2F42D56E4A2002889F5 /* Products */,
			);
			sourceTree = "<group>";
		};
		E32EA2F42D56E4A2002889F5 /* Products */ = {
			isa = PBXGroup;
			children = (
				E32EA2F32D56E4A2002889F5 /* LinkStrippa.app */,
				E32EA2FC2D56E4A7002889F5 /* LinkStrippa MessagesExtension.appex */,
				E3FA17742DAAEBFD00F3C01F /* LinkStrippa App.app */,
				E3FA17892DAAEBFF00F3C01F /* LinkStrippa AppTests.xctest */,
				E3FA17932DAAEBFF00F3C01F /* LinkStrippa AppUITests.xctest */,
				E3FA17B42DAAF1B600F3C01F /* LinkStrippa_Common.framework */,
				E3FA17BD2DAAF1B600F3C01F /* LinkStrippa CommonTests.xctest */,
			);
			name = Products;
			sourceTree = "<group>";
		};
		E32EA3002D56E4A7002889F5 /* Frameworks */ = {
			isa = PBXGroup;
			children = (
				E32EA3012D56E4A7002889F5 /* Messages.framework */,
			);
			name = Frameworks;
			sourceTree = "<group>";
		};
/* End PBXGroup section */

/* Begin PBXHeadersBuildPhase section */
		E3FA17AF2DAAF1B600F3C01F /* Headers */ = {
			isa = PBXHeadersBuildPhase;
			buildActionMask = 2147483647;
			files = (
			);
			runOnlyForDeploymentPostprocessing = 0;
		};
/* End PBXHeadersBuildPhase section */

/* Begin PBXNativeTarget section */
		E32EA2F22D56E4A2002889F5 /* LinkStrippa */ = {
			isa = PBXNativeTarget;
			buildConfigurationList = E32EA3132D56E4A9002889F5 /* Build configuration list for PBXNativeTarget "LinkStrippa" */;
			buildPhases = (
				E32EA2F12D56E4A2002889F5 /* Resources */,
				E32EA3122D56E4A9002889F5 /* Embed Foundation Extensions */,
				E3FA17CD2DAAF1B600F3C01F /* Frameworks */,
				E3FA17CE2DAAF1B600F3C01F /* Embed Frameworks */,
			);
			buildRules = (
			);
			dependencies = (
				E32EA2FF2D56E4A7002889F5 /* PBXTargetDependency */,
				E3FA17C62DAAF1B600F3C01F /* PBXTargetDependency */,
			);
			fileSystemSynchronizedGroups = (
				E32EA2F52D56E4A2002889F5 /* LinkStrippa */,
			);
			name = LinkStrippa;
			packageProductDependencies = (
			);
			productName = LinkStrippa;
			productReference = E32EA2F32D56E4A2002889F5 /* LinkStrippa.app */;
			productType = "com.apple.product-type.application.messages";
		};
		E32EA2FB2D56E4A7002889F5 /* LinkStrippa MessagesExtension */ = {
			isa = PBXNativeTarget;
			buildConfigurationList = E32EA30D2D56E4A9002889F5 /* Build configuration list for PBXNativeTarget "LinkStrippa MessagesExtension" */;
			buildPhases = (
				E32EA2F82D56E4A7002889F5 /* Sources */,
				E32EA2F92D56E4A7002889F5 /* Frameworks */,
				E32EA2FA2D56E4A7002889F5 /* Resources */,
				E3FA17DF2DAAF34700F3C01F /* Embed Frameworks */,
			);
			buildRules = (
			);
			dependencies = (
				E3FA17DE2DAAF34600F3C01F /* PBXTargetDependency */,
			);
			fileSystemSynchronizedGroups = (
				E32EA3032D56E4A7002889F5 /* LinkStrippa MessagesExtension */,
			);
			name = "LinkStrippa MessagesExtension";
			packageProductDependencies = (
			);
			productName = "LinkStrippa MessagesExtension";
			productReference = E32EA2FC2D56E4A7002889F5 /* LinkStrippa MessagesExtension.appex */;
			productType = "com.apple.product-type.app-extension.messages";
		};
		E3FA17732DAAEBFD00F3C01F /* LinkStrippa App */ = {
			isa = PBXNativeTarget;
			buildConfigurationList = E3FA179C2DAAEBFF00F3C01F /* Build configuration list for PBXNativeTarget "LinkStrippa App" */;
			buildPhases = (
				E3FA17702DAAEBFD00F3C01F /* Sources */,
				E3FA17712DAAEBFD00F3C01F /* Frameworks */,
				E3FA17722DAAEBFD00F3C01F /* Resources */,
				E3FA17E42DAAF39900F3C01F /* Embed Frameworks */,
			);
			buildRules = (
			);
			dependencies = (
				E3FA17E32DAAF39900F3C01F /* PBXTargetDependency */,
			);
			fileSystemSynchronizedGroups = (
				E3FA17752DAAEBFD00F3C01F /* LinkStrippa App */,
			);
			name = "LinkStrippa App";
			packageProductDependencies = (
			);
			productName = "LinkStrippa App";
			productReference = E3FA17742DAAEBFD00F3C01F /* LinkStrippa App.app */;
			productType = "com.apple.product-type.application";
		};
		E3FA17882DAAEBFF00F3C01F /* LinkStrippa AppTests */ = {
			isa = PBXNativeTarget;
			buildConfigurationList = E3FA179F2DAAEBFF00F3C01F /* Build configuration list for PBXNativeTarget "LinkStrippa AppTests" */;
			buildPhases = (
				E3FA17852DAAEBFF00F3C01F /* Sources */,
				E3FA17862DAAEBFF00F3C01F /* Frameworks */,
				E3FA17872DAAEBFF00F3C01F /* Resources */,
			);
			buildRules = (
			);
			dependencies = (
				E3FA178B2DAAEBFF00F3C01F /* PBXTargetDependency */,
			);
			fileSystemSynchronizedGroups = (
				E3FA178C2DAAEBFF00F3C01F /* LinkStrippa AppTests */,
			);
			name = "LinkStrippa AppTests";
			packageProductDependencies = (
			);
			productName = "LinkStrippa AppTests";
			productReference = E3FA17892DAAEBFF00F3C01F /* LinkStrippa AppTests.xctest */;
			productType = "com.apple.product-type.bundle.unit-test";
		};
		E3FA17922DAAEBFF00F3C01F /* LinkStrippa AppUITests */ = {
			isa = PBXNativeTarget;
			buildConfigurationList = E3FA17A22DAAEBFF00F3C01F /* Build configuration list for PBXNativeTarget "LinkStrippa AppUITests" */;
			buildPhases = (
				E3FA178F2DAAEBFF00F3C01F /* Sources */,
				E3FA17902DAAEBFF00F3C01F /* Frameworks */,
				E3FA17912DAAEBFF00F3C01F /* Resources */,
			);
			buildRules = (
			);
			dependencies = (
				E3FA17952DAAEBFF00F3C01F /* PBXTargetDependency */,
			);
			fileSystemSynchronizedGroups = (
				E3FA17962DAAEBFF00F3C01F /* LinkStrippa AppUITests */,
			);
			name = "LinkStrippa AppUITests";
			packageProductDependencies = (
			);
			productName = "LinkStrippa AppUITests";
			productReference = E3FA17932DAAEBFF00F3C01F /* LinkStrippa AppUITests.xctest */;
			productType = "com.apple.product-type.bundle.ui-testing";
		};
		E3FA17B32DAAF1B600F3C01F /* LinkStrippa Common */ = {
			isa = PBXNativeTarget;
			buildConfigurationList = E3FA17CA2DAAF1B600F3C01F /* Build configuration list for PBXNativeTarget "LinkStrippa Common" */;
			buildPhases = (
				E3FA17AF2DAAF1B600F3C01F /* Headers */,
				E3FA17B02DAAF1B600F3C01F /* Sources */,
				E3FA17B12DAAF1B600F3C01F /* Frameworks */,
				E3FA17B22DAAF1B600F3C01F /* Resources */,
			);
			buildRules = (
			);
			dependencies = (
			);
			fileSystemSynchronizedGroups = (
				E3FA17B52DAAF1B600F3C01F /* LinkStrippa Common */,
			);
			name = "LinkStrippa Common";
			packageProductDependencies = (
			);
			productName = "LinkStrippa Common";
			productReference = E3FA17B42DAAF1B600F3C01F /* LinkStrippa_Common.framework */;
			productType = "com.apple.product-type.framework";
		};
		E3FA17BC2DAAF1B600F3C01F /* LinkStrippa CommonTests */ = {
			isa = PBXNativeTarget;
			buildConfigurationList = E3FA17CF2DAAF1B600F3C01F /* Build configuration list for PBXNativeTarget "LinkStrippa CommonTests" */;
			buildPhases = (
				E3FA17B92DAAF1B600F3C01F /* Sources */,
				E3FA17BA2DAAF1B600F3C01F /* Frameworks */,
				E3FA17BB2DAAF1B600F3C01F /* Resources */,
			);
			buildRules = (
			);
			dependencies = (
				E3FA17C02DAAF1B600F3C01F /* PBXTargetDependency */,
			);
			fileSystemSynchronizedGroups = (
				E3FA17C12DAAF1B600F3C01F /* LinkStrippa CommonTests */,
			);
			name = "LinkStrippa CommonTests";
			packageProductDependencies = (
			);
			productName = "LinkStrippa CommonTests";
			productReference = E3FA17BD2DAAF1B600F3C01F /* LinkStrippa CommonTests.xctest */;
			productType = "com.apple.product-type.bundle.unit-test";
		};
/* End PBXNativeTarget section */

/* Begin PBXProject section */
		E32EA2ED2D56E4A2002889F5 /* Project object */ = {
			isa = PBXProject;
			attributes = {
				BuildIndependentTargetsInParallel = 1;
				LastSwiftUpdateCheck = 1620;
				LastUpgradeCheck = 1620;
				ORGANIZATIONNAME = "Smith Labs, LLC";
				TargetAttributes = {
					E32EA2F22D56E4A2002889F5 = {
						CreatedOnToolsVersion = 16.2;
						LastSwiftMigration = 1620;
					};
					E32EA2FB2D56E4A7002889F5 = {
						CreatedOnToolsVersion = 16.2;
					};
					E3FA17732DAAEBFD00F3C01F = {
						CreatedOnToolsVersion = 16.2;
					};
					E3FA17882DAAEBFF00F3C01F = {
						CreatedOnToolsVersion = 16.2;
						TestTargetID = E3FA17732DAAEBFD00F3C01F;
					};
					E3FA17922DAAEBFF00F3C01F = {
						CreatedOnToolsVersion = 16.2;
						TestTargetID = E3FA17732DAAEBFD00F3C01F;
					};
					E3FA17B32DAAF1B600F3C01F = {
						CreatedOnToolsVersion = 16.2;
					};
					E3FA17BC2DAAF1B600F3C01F = {
						CreatedOnToolsVersion = 16.2;
					};
				};
			};
			buildConfigurationList = E32EA2F02D56E4A2002889F5 /* Build configuration list for PBXProject "LinkStrippa" */;
			developmentRegion = en;
			hasScannedForEncodings = 0;
			knownRegions = (
				en,
				Base,
			);
			mainGroup = E32EA2EC2D56E4A2002889F5;
			minimizedProjectReferenceProxies = 1;
			preferredProjectObjectVersion = 77;
			productRefGroup = E32EA2F42D56E4A2002889F5 /* Products */;
			projectDirPath = "";
			projectRoot = "";
			targets = (
				E32EA2F22D56E4A2002889F5 /* LinkStrippa */,
				E32EA2FB2D56E4A7002889F5 /* LinkStrippa MessagesExtension */,
				E3FA17732DAAEBFD00F3C01F /* LinkStrippa App */,
				E3FA17882DAAEBFF00F3C01F /* LinkStrippa AppTests */,
				E3FA17922DAAEBFF00F3C01F /* LinkStrippa AppUITests */,
				E3FA17B32DAAF1B600F3C01F /* LinkStrippa Common */,
				E3FA17BC2DAAF1B600F3C01F /* LinkStrippa CommonTests */,
			);
		};
/* End PBXProject section */

/* Begin PBXResourcesBuildPhase section */
		E32EA2F12D56E4A2002889F5 /* Resources */ = {
			isa = PBXResourcesBuildPhase;
			buildActionMask = 2147483647;
			files = (
			);
			runOnlyForDeploymentPostprocessing = 0;
		};
		E32EA2FA2D56E4A7002889F5 /* Resources */ = {
			isa = PBXResourcesBuildPhase;
			buildActionMask = 2147483647;
			files = (
			);
			runOnlyForDeploymentPostprocessing = 0;
		};
		E3FA17722DAAEBFD00F3C01F /* Resources */ = {
			isa = PBXResourcesBuildPhase;
			buildActionMask = 2147483647;
			files = (
			);
			runOnlyForDeploymentPostprocessing = 0;
		};
		E3FA17872DAAEBFF00F3C01F /* Resources */ = {
			isa = PBXResourcesBuildPhase;
			buildActionMask = 2147483647;
			files = (
			);
			runOnlyForDeploymentPostprocessing = 0;
		};
		E3FA17912DAAEBFF00F3C01F /* Resources */ = {
			isa = PBXResourcesBuildPhase;
			buildActionMask = 2147483647;
			files = (
			);
			runOnlyForDeploymentPostprocessing = 0;
		};
		E3FA17B22DAAF1B600F3C01F /* Resources */ = {
			isa = PBXResourcesBuildPhase;
			buildActionMask = 2147483647;
			files = (
			);
			runOnlyForDeploymentPostprocessing = 0;
		};
		E3FA17BB2DAAF1B600F3C01F /* Resources */ = {
			isa = PBXResourcesBuildPhase;
			buildActionMask = 2147483647;
			files = (
			);
			runOnlyForDeploymentPostprocessing = 0;
		};
/* End PBXResourcesBuildPhase section */

/* Begin PBXSourcesBuildPhase section */
		E32EA2F82D56E4A7002889F5 /* Sources */ = {
			isa = PBXSourcesBuildPhase;
			buildActionMask = 2147483647;
			files = (
			);
			runOnlyForDeploymentPostprocessing = 0;
		};
		E3FA17702DAAEBFD00F3C01F /* Sources */ = {
			isa = PBXSourcesBuildPhase;
			buildActionMask = 2147483647;
			files = (
			);
			runOnlyForDeploymentPostprocessing = 0;
		};
		E3FA17852DAAEBFF00F3C01F /* Sources */ = {
			isa = PBXSourcesBuildPhase;
			buildActionMask = 2147483647;
			files = (
			);
			runOnlyForDeploymentPostprocessing = 0;
		};
		E3FA178F2DAAEBFF00F3C01F /* Sources */ = {
			isa = PBXSourcesBuildPhase;
			buildActionMask = 2147483647;
			files = (
			);
			runOnlyForDeploymentPostprocessing = 0;
		};
		E3FA17B02DAAF1B600F3C01F /* Sources */ = {
			isa = PBXSourcesBuildPhase;
			buildActionMask = 2147483647;
			files = (
			);
			runOnlyForDeploymentPostprocessing = 0;
		};
		E3FA17B92DAAF1B600F3C01F /* Sources */ = {
			isa = PBXSourcesBuildPhase;
			buildActionMask = 2147483647;
			files = (
			);
			runOnlyForDeploymentPostprocessing = 0;
		};
/* End PBXSourcesBuildPhase section */

/* Begin PBXTargetDependency section */
		E32EA2FF2D56E4A7002889F5 /* PBXTargetDependency */ = {
			isa = PBXTargetDependency;
			target = E32EA2FB2D56E4A7002889F5 /* LinkStrippa MessagesExtension */;
			targetProxy = E32EA2FE2D56E4A7002889F5 /* PBXContainerItemProxy */;
		};
		E3FA178B2DAAEBFF00F3C01F /* PBXTargetDependency */ = {
			isa = PBXTargetDependency;
			target = E3FA17732DAAEBFD00F3C01F /* LinkStrippa App */;
			targetProxy = E3FA178A2DAAEBFF00F3C01F /* PBXContainerItemProxy */;
		};
		E3FA17952DAAEBFF00F3C01F /* PBXTargetDependency */ = {
			isa = PBXTargetDependency;
			target = E3FA17732DAAEBFD00F3C01F /* LinkStrippa App */;
			targetProxy = E3FA17942DAAEBFF00F3C01F /* PBXContainerItemProxy */;
		};
		E3FA17C02DAAF1B600F3C01F /* PBXTargetDependency */ = {
			isa = PBXTargetDependency;
			target = E3FA17B32DAAF1B600F3C01F /* LinkStrippa Common */;
			targetProxy = E3FA17BF2DAAF1B600F3C01F /* PBXContainerItemProxy */;
		};
		E3FA17C62DAAF1B600F3C01F /* PBXTargetDependency */ = {
			isa = PBXTargetDependency;
			target = E3FA17B32DAAF1B600F3C01F /* LinkStrippa Common */;
			targetProxy = E3FA17C52DAAF1B600F3C01F /* PBXContainerItemProxy */;
		};
		E3FA17DE2DAAF34600F3C01F /* PBXTargetDependency */ = {
			isa = PBXTargetDependency;
			target = E3FA17B32DAAF1B600F3C01F /* LinkStrippa Common */;
			targetProxy = E3FA17DD2DAAF34600F3C01F /* PBXContainerItemProxy */;
		};
		E3FA17E32DAAF39900F3C01F /* PBXTargetDependency */ = {
			isa = PBXTargetDependency;
			target = E3FA17B32DAAF1B600F3C01F /* LinkStrippa Common */;
			targetProxy = E3FA17E22DAAF39900F3C01F /* PBXContainerItemProxy */;
		};
/* End PBXTargetDependency section */

/* Begin XCBuildConfiguration section */
		E32EA30E2D56E4A9002889F5 /* Debug */ = {
			isa = XCBuildConfiguration;
			buildSettings = {
				ASSETCATALOG_COMPILER_APPICON_NAME = "iMessage App Icon";
				CODE_SIGN_STYLE = Automatic;
				CURRENT_PROJECT_VERSION = 1;
				DEVELOPMENT_TEAM = HS2CX62MTW;
				GENERATE_INFOPLIST_FILE = YES;
				INFOPLIST_FILE = "LinkStrippa MessagesExtension/Info.plist";
				INFOPLIST_KEY_CFBundleDisplayName = LinkStrippa;
				INFOPLIST_KEY_NSHumanReadableCopyright = "";
				LD_RUNPATH_SEARCH_PATHS = (
					"$(inherited)",
					"@executable_path/Frameworks",
					"@executable_path/../../Frameworks",
				);
				MARKETING_VERSION = 1.0;
				PRODUCT_BUNDLE_IDENTIFIER = llc.smithlabs.LinkStrippa.MessagesExtension;
				PRODUCT_NAME = "$(TARGET_NAME)";
				SKIP_INSTALL = YES;
				SWIFT_EMIT_LOC_STRINGS = YES;
				SWIFT_VERSION = 5.0;
				TARGETED_DEVICE_FAMILY = "1,2";
			};
			name = Debug;
		};
		E32EA30F2D56E4A9002889F5 /* Release */ = {
			isa = XCBuildConfiguration;
			buildSettings = {
				ASSETCATALOG_COMPILER_APPICON_NAME = "iMessage App Icon";
				CODE_SIGN_STYLE = Automatic;
				CURRENT_PROJECT_VERSION = 1;
				DEVELOPMENT_TEAM = HS2CX62MTW;
				GENERATE_INFOPLIST_FILE = YES;
				INFOPLIST_FILE = "LinkStrippa MessagesExtension/Info.plist";
				INFOPLIST_KEY_CFBundleDisplayName = LinkStrippa;
				INFOPLIST_KEY_NSHumanReadableCopyright = "";
				LD_RUNPATH_SEARCH_PATHS = (
					"$(inherited)",
					"@executable_path/Frameworks",
					"@executable_path/../../Frameworks",
				);
				MARKETING_VERSION = 1.0;
				PRODUCT_BUNDLE_IDENTIFIER = llc.smithlabs.LinkStrippa.MessagesExtension;
				PRODUCT_NAME = "$(TARGET_NAME)";
				SKIP_INSTALL = YES;
				SWIFT_EMIT_LOC_STRINGS = YES;
				SWIFT_VERSION = 5.0;
				TARGETED_DEVICE_FAMILY = "1,2";
			};
			name = Release;
		};
		E32EA3102D56E4A9002889F5 /* Debug */ = {
			isa = XCBuildConfiguration;
			buildSettings = {
				ALWAYS_SEARCH_USER_PATHS = NO;
				ASSETCATALOG_COMPILER_GENERATE_SWIFT_ASSET_SYMBOL_EXTENSIONS = YES;
				CLANG_ANALYZER_NONNULL = YES;
				CLANG_ANALYZER_NUMBER_OBJECT_CONVERSION = YES_AGGRESSIVE;
				CLANG_CXX_LANGUAGE_STANDARD = "gnu++20";
				CLANG_ENABLE_MODULES = YES;
				CLANG_ENABLE_OBJC_ARC = YES;
				CLANG_ENABLE_OBJC_WEAK = YES;
				CLANG_WARN_BLOCK_CAPTURE_AUTORELEASING = YES;
				CLANG_WARN_BOOL_CONVERSION = YES;
				CLANG_WARN_COMMA = YES;
				CLANG_WARN_CONSTANT_CONVERSION = YES;
				CLANG_WARN_DEPRECATED_OBJC_IMPLEMENTATIONS = YES;
				CLANG_WARN_DIRECT_OBJC_ISA_USAGE = YES_ERROR;
				CLANG_WARN_DOCUMENTATION_COMMENTS = YES;
				CLANG_WARN_EMPTY_BODY = YES;
				CLANG_WARN_ENUM_CONVERSION = YES;
				CLANG_WARN_INFINITE_RECURSION = YES;
				CLANG_WARN_INT_CONVERSION = YES;
				CLANG_WARN_NON_LITERAL_NULL_CONVERSION = YES;
				CLANG_WARN_OBJC_IMPLICIT_RETAIN_SELF = YES;
				CLANG_WARN_OBJC_LITERAL_CONVERSION = YES;
				CLANG_WARN_OBJC_ROOT_CLASS = YES_ERROR;
				CLANG_WARN_QUOTED_INCLUDE_IN_FRAMEWORK_HEADER = YES;
				CLANG_WARN_RANGE_LOOP_ANALYSIS = YES;
				CLANG_WARN_STRICT_PROTOTYPES = YES;
				CLANG_WARN_SUSPICIOUS_MOVE = YES;
				CLANG_WARN_UNGUARDED_AVAILABILITY = YES_AGGRESSIVE;
				CLANG_WARN_UNREACHABLE_CODE = YES;
				CLANG_WARN__DUPLICATE_METHOD_MATCH = YES;
				COPY_PHASE_STRIP = NO;
				DEBUG_INFORMATION_FORMAT = dwarf;
				ENABLE_STRICT_OBJC_MSGSEND = YES;
				ENABLE_TESTABILITY = YES;
				ENABLE_USER_SCRIPT_SANDBOXING = YES;
				GCC_C_LANGUAGE_STANDARD = gnu17;
				GCC_DYNAMIC_NO_PIC = NO;
				GCC_NO_COMMON_BLOCKS = YES;
				GCC_OPTIMIZATION_LEVEL = 0;
				GCC_PREPROCESSOR_DEFINITIONS = (
					"DEBUG=1",
					"$(inherited)",
				);
				GCC_WARN_64_TO_32_BIT_CONVERSION = YES;
				GCC_WARN_ABOUT_RETURN_TYPE = YES_ERROR;
				GCC_WARN_UNDECLARED_SELECTOR = YES;
				GCC_WARN_UNINITIALIZED_AUTOS = YES_AGGRESSIVE;
				GCC_WARN_UNUSED_FUNCTION = YES;
				GCC_WARN_UNUSED_VARIABLE = YES;
				IPHONEOS_DEPLOYMENT_TARGET = 18.2;
				LOCALIZATION_PREFERS_STRING_CATALOGS = YES;
				MTL_ENABLE_DEBUG_INFO = INCLUDE_SOURCE;
				MTL_FAST_MATH = YES;
				ONLY_ACTIVE_ARCH = YES;
				SDKROOT = iphoneos;
				SWIFT_ACTIVE_COMPILATION_CONDITIONS = "DEBUG $(inherited)";
				SWIFT_OPTIMIZATION_LEVEL = "-Onone";
			};
			name = Debug;
		};
		E32EA3112D56E4A9002889F5 /* Release */ = {
			isa = XCBuildConfiguration;
			buildSettings = {
				ALWAYS_SEARCH_USER_PATHS = NO;
				ASSETCATALOG_COMPILER_GENERATE_SWIFT_ASSET_SYMBOL_EXTENSIONS = YES;
				CLANG_ANALYZER_NONNULL = YES;
				CLANG_ANALYZER_NUMBER_OBJECT_CONVERSION = YES_AGGRESSIVE;
				CLANG_CXX_LANGUAGE_STANDARD = "gnu++20";
				CLANG_ENABLE_MODULES = YES;
				CLANG_ENABLE_OBJC_ARC = YES;
				CLANG_ENABLE_OBJC_WEAK = YES;
				CLANG_WARN_BLOCK_CAPTURE_AUTORELEASING = YES;
				CLANG_WARN_BOOL_CONVERSION = YES;
				CLANG_WARN_COMMA = YES;
				CLANG_WARN_CONSTANT_CONVERSION = YES;
				CLANG_WARN_DEPRECATED_OBJC_IMPLEMENTATIONS = YES;
				CLANG_WARN_DIRECT_OBJC_ISA_USAGE = YES_ERROR;
				CLANG_WARN_DOCUMENTATION_COMMENTS = YES;
				CLANG_WARN_EMPTY_BODY = YES;
				CLANG_WARN_ENUM_CONVERSION = YES;
				CLANG_WARN_INFINITE_RECURSION = YES;
				CLANG_WARN_INT_CONVERSION = YES;
				CLANG_WARN_NON_LITERAL_NULL_CONVERSION = YES;
				CLANG_WARN_OBJC_IMPLICIT_RETAIN_SELF = YES;
				CLANG_WARN_OBJC_LITERAL_CONVERSION = YES;
				CLANG_WARN_OBJC_ROOT_CLASS = YES_ERROR;
				CLANG_WARN_QUOTED_INCLUDE_IN_FRAMEWORK_HEADER = YES;
				CLANG_WARN_RANGE_LOOP_ANALYSIS = YES;
				CLANG_WARN_STRICT_PROTOTYPES = YES;
				CLANG_WARN_SUSPICIOUS_MOVE = YES;
				CLANG_WARN_UNGUARDED_AVAILABILITY = YES_AGGRESSIVE;
				CLANG_WARN_UNREACHABLE_CODE = YES;
				CLANG_WARN__DUPLICATE_METHOD_MATCH = YES;
				COPY_PHASE_STRIP = NO;
				DEBUG_INFORMATION_FORMAT = "dwarf-with-dsym";
				ENABLE_NS_ASSERTIONS = NO;
				ENABLE_STRICT_OBJC_MSGSEND = YES;
				ENABLE_USER_SCRIPT_SANDBOXING = YES;
				GCC_C_LANGUAGE_STANDARD = gnu17;
				GCC_NO_COMMON_BLOCKS = YES;
				GCC_WARN_64_TO_32_BIT_CONVERSION = YES;
				GCC_WARN_ABOUT_RETURN_TYPE = YES_ERROR;
				GCC_WARN_UNDECLARED_SELECTOR = YES;
				GCC_WARN_UNINITIALIZED_AUTOS = YES_AGGRESSIVE;
				GCC_WARN_UNUSED_FUNCTION = YES;
				GCC_WARN_UNUSED_VARIABLE = YES;
				IPHONEOS_DEPLOYMENT_TARGET = 18.2;
				LOCALIZATION_PREFERS_STRING_CATALOGS = YES;
				MTL_ENABLE_DEBUG_INFO = NO;
				MTL_FAST_MATH = YES;
				SDKROOT = iphoneos;
				SWIFT_COMPILATION_MODE = wholemodule;
				VALIDATE_PRODUCT = YES;
			};
			name = Release;
		};
		E32EA3142D56E4A9002889F5 /* Debug */ = {
			isa = XCBuildConfiguration;
			buildSettings = {
				ASSETCATALOG_COMPILER_APPICON_NAME = AppIcon;
				CLANG_ENABLE_MODULES = YES;
				CODE_SIGN_STYLE = Automatic;
				CURRENT_PROJECT_VERSION = 1;
				DEVELOPMENT_TEAM = HS2CX62MTW;
				GENERATE_INFOPLIST_FILE = YES;
				INFOPLIST_KEY_CFBundleDisplayName = "Link Strippa";
				INFOPLIST_KEY_UILaunchStoryboardName = LaunchScreen;
				INFOPLIST_KEY_UISupportedInterfaceOrientations_iPad = "UIInterfaceOrientationPortrait UIInterfaceOrientationPortraitUpsideDown UIInterfaceOrientationLandscapeLeft UIInterfaceOrientationLandscapeRight";
				INFOPLIST_KEY_UISupportedInterfaceOrientations_iPhone = "UIInterfaceOrientationPortrait UIInterfaceOrientationLandscapeLeft UIInterfaceOrientationLandscapeRight";
				MARKETING_VERSION = 1.0;
				PRODUCT_BUNDLE_IDENTIFIER = llc.smithlabs.LinkStrippa;
				PRODUCT_NAME = "$(TARGET_NAME)";
				SWIFT_EMIT_LOC_STRINGS = YES;
				SWIFT_OBJC_BRIDGING_HEADER = "LinkStrippa/LinkStrippa-Bridging-Header.h";
				SWIFT_OPTIMIZATION_LEVEL = "-Onone";
				SWIFT_VERSION = 5.0;
				TARGETED_DEVICE_FAMILY = "1,2";
			};
			name = Debug;
		};
		E32EA3152D56E4A9002889F5 /* Release */ = {
			isa = XCBuildConfiguration;
			buildSettings = {
				ASSETCATALOG_COMPILER_APPICON_NAME = AppIcon;
				CLANG_ENABLE_MODULES = YES;
				CODE_SIGN_STYLE = Automatic;
				CURRENT_PROJECT_VERSION = 1;
				DEVELOPMENT_TEAM = HS2CX62MTW;
				GENERATE_INFOPLIST_FILE = YES;
				INFOPLIST_KEY_CFBundleDisplayName = "Link Strippa";
				INFOPLIST_KEY_UILaunchStoryboardName = LaunchScreen;
				INFOPLIST_KEY_UISupportedInterfaceOrientations_iPad = "UIInterfaceOrientationPortrait UIInterfaceOrientationPortraitUpsideDown UIInterfaceOrientationLandscapeLeft UIInterfaceOrientationLandscapeRight";
				INFOPLIST_KEY_UISupportedInterfaceOrientations_iPhone = "UIInterfaceOrientationPortrait UIInterfaceOrientationLandscapeLeft UIInterfaceOrientationLandscapeRight";
				MARKETING_VERSION = 1.0;
				PRODUCT_BUNDLE_IDENTIFIER = llc.smithlabs.LinkStrippa;
				PRODUCT_NAME = "$(TARGET_NAME)";
				SWIFT_EMIT_LOC_STRINGS = YES;
				SWIFT_OBJC_BRIDGING_HEADER = "LinkStrippa/LinkStrippa-Bridging-Header.h";
				SWIFT_VERSION = 5.0;
				TARGETED_DEVICE_FAMILY = "1,2";
			};
			name = Release;
		};
		E3FA179D2DAAEBFF00F3C01F /* Debug */ = {
			isa = XCBuildConfiguration;
			buildSettings = {
				ASSETCATALOG_COMPILER_APPICON_NAME = AppIcon;
				ASSETCATALOG_COMPILER_GLOBAL_ACCENT_COLOR_NAME = AccentColor;
				CODE_SIGN_STYLE = Automatic;
				CURRENT_PROJECT_VERSION = 1;
				DEVELOPMENT_TEAM = HS2CX62MTW;
				GENERATE_INFOPLIST_FILE = YES;
				INFOPLIST_FILE = "LinkStrippa App/Info.plist";
				INFOPLIST_KEY_UIApplicationSupportsIndirectInputEvents = YES;
				INFOPLIST_KEY_UILaunchStoryboardName = LaunchScreen;
				INFOPLIST_KEY_UIMainStoryboardFile = Main;
				INFOPLIST_KEY_UISupportedInterfaceOrientations_iPad = "UIInterfaceOrientationPortrait UIInterfaceOrientationPortraitUpsideDown UIInterfaceOrientationLandscapeLeft UIInterfaceOrientationLandscapeRight";
				INFOPLIST_KEY_UISupportedInterfaceOrientations_iPhone = "UIInterfaceOrientationPortrait UIInterfaceOrientationLandscapeLeft UIInterfaceOrientationLandscapeRight";
				LD_RUNPATH_SEARCH_PATHS = (
					"$(inherited)",
					"@executable_path/Frameworks",
				);
				MARKETING_VERSION = 1.0;
				PRODUCT_BUNDLE_IDENTIFIER = "llc.smithlabs.LinkStrippa-App";
				PRODUCT_NAME = "$(TARGET_NAME)";
				SWIFT_EMIT_LOC_STRINGS = YES;
				SWIFT_VERSION = 5.0;
				TARGETED_DEVICE_FAMILY = "1,2";
			};
			name = Debug;
		};
		E3FA179E2DAAEBFF00F3C01F /* Release */ = {
			isa = XCBuildConfiguration;
			buildSettings = {
				ASSETCATALOG_COMPILER_APPICON_NAME = AppIcon;
				ASSETCATALOG_COMPILER_GLOBAL_ACCENT_COLOR_NAME = AccentColor;
				CODE_SIGN_STYLE = Automatic;
				CURRENT_PROJECT_VERSION = 1;
				DEVELOPMENT_TEAM = HS2CX62MTW;
				GENERATE_INFOPLIST_FILE = YES;
				INFOPLIST_FILE = "LinkStrippa App/Info.plist";
				INFOPLIST_KEY_UIApplicationSupportsIndirectInputEvents = YES;
				INFOPLIST_KEY_UILaunchStoryboardName = LaunchScreen;
				INFOPLIST_KEY_UIMainStoryboardFile = Main;
				INFOPLIST_KEY_UISupportedInterfaceOrientations_iPad = "UIInterfaceOrientationPortrait UIInterfaceOrientationPortraitUpsideDown UIInterfaceOrientationLandscapeLeft UIInterfaceOrientationLandscapeRight";
				INFOPLIST_KEY_UISupportedInterfaceOrientations_iPhone = "UIInterfaceOrientationPortrait UIInterfaceOrientationLandscapeLeft UIInterfaceOrientationLandscapeRight";
				LD_RUNPATH_SEARCH_PATHS = (
					"$(inherited)",
					"@executable_path/Frameworks",
				);
				MARKETING_VERSION = 1.0;
				PRODUCT_BUNDLE_IDENTIFIER = "llc.smithlabs.LinkStrippa-App";
				PRODUCT_NAME = "$(TARGET_NAME)";
				SWIFT_EMIT_LOC_STRINGS = YES;
				SWIFT_VERSION = 5.0;
				TARGETED_DEVICE_FAMILY = "1,2";
			};
			name = Release;
		};
		E3FA17A02DAAEBFF00F3C01F /* Debug */ = {
			isa = XCBuildConfiguration;
			buildSettings = {
				BUNDLE_LOADER = "$(TEST_HOST)";
				CODE_SIGN_STYLE = Automatic;
				CURRENT_PROJECT_VERSION = 1;
				DEVELOPMENT_TEAM = HS2CX62MTW;
				GENERATE_INFOPLIST_FILE = YES;
				IPHONEOS_DEPLOYMENT_TARGET = 18.2;
				MARKETING_VERSION = 1.0;
				PRODUCT_BUNDLE_IDENTIFIER = "llc.smithlabs.LinkStrippa-AppTests";
				PRODUCT_NAME = "$(TARGET_NAME)";
				SWIFT_EMIT_LOC_STRINGS = NO;
				SWIFT_VERSION = 5.0;
				TARGETED_DEVICE_FAMILY = "1,2";
				TEST_HOST = "$(BUILT_PRODUCTS_DIR)/LinkStrippa App.app/$(BUNDLE_EXECUTABLE_FOLDER_PATH)/LinkStrippa App";
			};
			name = Debug;
		};
		E3FA17A12DAAEBFF00F3C01F /* Release */ = {
			isa = XCBuildConfiguration;
			buildSettings = {
				BUNDLE_LOADER = "$(TEST_HOST)";
				CODE_SIGN_STYLE = Automatic;
				CURRENT_PROJECT_VERSION = 1;
				DEVELOPMENT_TEAM = HS2CX62MTW;
				GENERATE_INFOPLIST_FILE = YES;
				IPHONEOS_DEPLOYMENT_TARGET = 18.2;
				MARKETING_VERSION = 1.0;
				PRODUCT_BUNDLE_IDENTIFIER = "llc.smithlabs.LinkStrippa-AppTests";
				PRODUCT_NAME = "$(TARGET_NAME)";
				SWIFT_EMIT_LOC_STRINGS = NO;
				SWIFT_VERSION = 5.0;
				TARGETED_DEVICE_FAMILY = "1,2";
				TEST_HOST = "$(BUILT_PRODUCTS_DIR)/LinkStrippa App.app/$(BUNDLE_EXECUTABLE_FOLDER_PATH)/LinkStrippa App";
			};
			name = Release;
		};
		E3FA17A32DAAEBFF00F3C01F /* Debug */ = {
			isa = XCBuildConfiguration;
			buildSettings = {
				CODE_SIGN_STYLE = Automatic;
				CURRENT_PROJECT_VERSION = 1;
				DEVELOPMENT_TEAM = HS2CX62MTW;
				GENERATE_INFOPLIST_FILE = YES;
				MARKETING_VERSION = 1.0;
				PRODUCT_BUNDLE_IDENTIFIER = "llc.smithlabs.LinkStrippa-AppUITests";
				PRODUCT_NAME = "$(TARGET_NAME)";
				SWIFT_EMIT_LOC_STRINGS = NO;
				SWIFT_VERSION = 5.0;
				TARGETED_DEVICE_FAMILY = "1,2";
				TEST_TARGET_NAME = "LinkStrippa App";
			};
			name = Debug;
		};
		E3FA17A42DAAEBFF00F3C01F /* Release */ = {
			isa = XCBuildConfiguration;
			buildSettings = {
				CODE_SIGN_STYLE = Automatic;
				CURRENT_PROJECT_VERSION = 1;
				DEVELOPMENT_TEAM = HS2CX62MTW;
				GENERATE_INFOPLIST_FILE = YES;
				MARKETING_VERSION = 1.0;
				PRODUCT_BUNDLE_IDENTIFIER = "llc.smithlabs.LinkStrippa-AppUITests";
				PRODUCT_NAME = "$(TARGET_NAME)";
				SWIFT_EMIT_LOC_STRINGS = NO;
				SWIFT_VERSION = 5.0;
				TARGETED_DEVICE_FAMILY = "1,2";
				TEST_TARGET_NAME = "LinkStrippa App";
			};
			name = Release;
		};
		E3FA17CB2DAAF1B600F3C01F /* Debug */ = {
			isa = XCBuildConfiguration;
			buildSettings = {
				BUILD_LIBRARY_FOR_DISTRIBUTION = YES;
				CODE_SIGN_STYLE = Automatic;
				CURRENT_PROJECT_VERSION = 1;
				DEFINES_MODULE = YES;
				DEVELOPMENT_TEAM = HS2CX62MTW;
				DYLIB_COMPATIBILITY_VERSION = 1;
				DYLIB_CURRENT_VERSION = 1;
				DYLIB_INSTALL_NAME_BASE = "@rpath";
				ENABLE_MODULE_VERIFIER = YES;
				GENERATE_INFOPLIST_FILE = YES;
				INFOPLIST_KEY_NSHumanReadableCopyright = "Copyright © 2025 Smith Labs, LLC. All rights reserved.";
				INSTALL_PATH = "$(LOCAL_LIBRARY_DIR)/Frameworks";
				LD_RUNPATH_SEARCH_PATHS = (
					"$(inherited)",
					"@executable_path/Frameworks",
					"@loader_path/Frameworks",
				);
				MARKETING_VERSION = 1.0;
				MODULE_VERIFIER_SUPPORTED_LANGUAGES = "objective-c objective-c++";
				MODULE_VERIFIER_SUPPORTED_LANGUAGE_STANDARDS = "gnu17 gnu++20";
				PRODUCT_BUNDLE_IDENTIFIER = "llc.smithlabs.LinkStrippa-Common";
				PRODUCT_NAME = "$(TARGET_NAME:c99extidentifier)";
				SKIP_INSTALL = YES;
				SWIFT_EMIT_LOC_STRINGS = YES;
				SWIFT_INSTALL_OBJC_HEADER = NO;
				SWIFT_VERSION = 5.0;
				TARGETED_DEVICE_FAMILY = "1,2";
				VERSIONING_SYSTEM = "apple-generic";
				VERSION_INFO_PREFIX = "";
			};
			name = Debug;
		};
		E3FA17CC2DAAF1B600F3C01F /* Release */ = {
			isa = XCBuildConfiguration;
			buildSettings = {
				BUILD_LIBRARY_FOR_DISTRIBUTION = YES;
				CODE_SIGN_STYLE = Automatic;
				CURRENT_PROJECT_VERSION = 1;
				DEFINES_MODULE = YES;
				DEVELOPMENT_TEAM = HS2CX62MTW;
				DYLIB_COMPATIBILITY_VERSION = 1;
				DYLIB_CURRENT_VERSION = 1;
				DYLIB_INSTALL_NAME_BASE = "@rpath";
				ENABLE_MODULE_VERIFIER = YES;
				GENERATE_INFOPLIST_FILE = YES;
				INFOPLIST_KEY_NSHumanReadableCopyright = "Copyright © 2025 Smith Labs, LLC. All rights reserved.";
				INSTALL_PATH = "$(LOCAL_LIBRARY_DIR)/Frameworks";
				LD_RUNPATH_SEARCH_PATHS = (
					"$(inherited)",
					"@executable_path/Frameworks",
					"@loader_path/Frameworks",
				);
				MARKETING_VERSION = 1.0;
				MODULE_VERIFIER_SUPPORTED_LANGUAGES = "objective-c objective-c++";
				MODULE_VERIFIER_SUPPORTED_LANGUAGE_STANDARDS = "gnu17 gnu++20";
				PRODUCT_BUNDLE_IDENTIFIER = "llc.smithlabs.LinkStrippa-Common";
				PRODUCT_NAME = "$(TARGET_NAME:c99extidentifier)";
				SKIP_INSTALL = YES;
				SWIFT_EMIT_LOC_STRINGS = YES;
				SWIFT_INSTALL_OBJC_HEADER = NO;
				SWIFT_VERSION = 5.0;
				TARGETED_DEVICE_FAMILY = "1,2";
				VERSIONING_SYSTEM = "apple-generic";
				VERSION_INFO_PREFIX = "";
			};
			name = Release;
		};
		E3FA17D02DAAF1B600F3C01F /* Debug */ = {
			isa = XCBuildConfiguration;
			buildSettings = {
				CODE_SIGN_STYLE = Automatic;
				CURRENT_PROJECT_VERSION = 1;
				DEVELOPMENT_TEAM = HS2CX62MTW;
				GENERATE_INFOPLIST_FILE = YES;
				MARKETING_VERSION = 1.0;
				PRODUCT_BUNDLE_IDENTIFIER = "llc.smithlabs.LinkStrippa-CommonTests";
				PRODUCT_NAME = "$(TARGET_NAME)";
				SWIFT_EMIT_LOC_STRINGS = NO;
				SWIFT_VERSION = 5.0;
				TARGETED_DEVICE_FAMILY = "1,2";
			};
			name = Debug;
		};
		E3FA17D12DAAF1B600F3C01F /* Release */ = {
			isa = XCBuildConfiguration;
			buildSettings = {
				CODE_SIGN_STYLE = Automatic;
				CURRENT_PROJECT_VERSION = 1;
				DEVELOPMENT_TEAM = HS2CX62MTW;
				GENERATE_INFOPLIST_FILE = YES;
				MARKETING_VERSION = 1.0;
				PRODUCT_BUNDLE_IDENTIFIER = "llc.smithlabs.LinkStrippa-CommonTests";
				PRODUCT_NAME = "$(TARGET_NAME)";
				SWIFT_EMIT_LOC_STRINGS = NO;
				SWIFT_VERSION = 5.0;
				TARGETED_DEVICE_FAMILY = "1,2";
			};
			name = Release;
		};
/* End XCBuildConfiguration section */

/* Begin XCConfigurationList section */
		E32EA2F02D56E4A2002889F5 /* Build configuration list for PBXProject "LinkStrippa" */ = {
			isa = XCConfigurationList;
			buildConfigurations = (
				E32EA3102D56E4A9002889F5 /* Debug */,
				E32EA3112D56E4A9002889F5 /* Release */,
			);
			defaultConfigurationIsVisible = 0;
			defaultConfigurationName = Release;
		};
		E32EA30D2D56E4A9002889F5 /* Build configuration list for PBXNativeTarget "LinkStrippa MessagesExtension" */ = {
			isa = XCConfigurationList;
			buildConfigurations = (
				E32EA30E2D56E4A9002889F5 /* Debug */,
				E32EA30F2D56E4A9002889F5 /* Release */,
			);
			defaultConfigurationIsVisible = 0;
			defaultConfigurationName = Release;
		};
		E32EA3132D56E4A9002889F5 /* Build configuration list for PBXNativeTarget "LinkStrippa" */ = {
			isa = XCConfigurationList;
			buildConfigurations = (
				E32EA3142D56E4A9002889F5 /* Debug */,
				E32EA3152D56E4A9002889F5 /* Release */,
			);
			defaultConfigurationIsVisible = 0;
			defaultConfigurationName = Release;
		};
		E3FA179C2DAAEBFF00F3C01F /* Build configuration list for PBXNativeTarget "LinkStrippa App" */ = {
			isa = XCConfigurationList;
			buildConfigurations = (
				E3FA179D2DAAEBFF00F3C01F /* Debug */,
				E3FA179E2DAAEBFF00F3C01F /* Release */,
			);
			defaultConfigurationIsVisible = 0;
			defaultConfigurationName = Release;
		};
		E3FA179F2DAAEBFF00F3C01F /* Build configuration list for PBXNativeTarget "LinkStrippa AppTests" */ = {
			isa = XCConfigurationList;
			buildConfigurations = (
				E3FA17A02DAAEBFF00F3C01F /* Debug */,
				E3FA17A12DAAEBFF00F3C01F /* Release */,
			);
			defaultConfigurationIsVisible = 0;
			defaultConfigurationName = Release;
		};
		E3FA17A22DAAEBFF00F3C01F /* Build configuration list for PBXNativeTarget "LinkStrippa AppUITests" */ = {
			isa = XCConfigurationList;
			buildConfigurations = (
				E3FA17A32DAAEBFF00F3C01F /* Debug */,
				E3FA17A42DAAEBFF00F3C01F /* Release */,
			);
			defaultConfigurationIsVisible = 0;
			defaultConfigurationName = Release;
		};
		E3FA17CA2DAAF1B600F3C01F /* Build configuration list for PBXNativeTarget "LinkStrippa Common" */ = {
			isa = XCConfigurationList;
			buildConfigurations = (
				E3FA17CB2DAAF1B600F3C01F /* Debug */,
				E3FA17CC2DAAF1B600F3C01F /* Release */,
			);
			defaultConfigurationIsVisible = 0;
			defaultConfigurationName = Release;
		};
		E3FA17CF2DAAF1B600F3C01F /* Build configuration list for PBXNativeTarget "LinkStrippa CommonTests" */ = {
			isa = XCConfigurationList;
			buildConfigurations = (
				E3FA17D02DAAF1B600F3C01F /* Debug */,
				E3FA17D12DAAF1B600F3C01F /* Release */,
			);
			defaultConfigurationIsVisible = 0;
			defaultConfigurationName = Release;
		};
/* End XCConfigurationList section */
	};
	rootObject = E32EA2ED2D56E4A2002889F5 /* Project object */;
}
